
Microsoft Visual Studio Solution File, Format Version 12.00
# Visual Studio Version 16
VisualStudioVersion = 16.0.30717.126
MinimumVisualStudioVersion = 10.0.40219.1
Project("{FAE04EC0-301F-11D3-BF4B-00C04F79EFBC}") = "Generatingfiles", "Generatingfiles\Generatingfiles.csproj", "{DFF6A5DC-99EA-4862-A70A-3E41621421D3}"
EndProject
Global
	GlobalSection(SolutionConfigurationPlatforms) = preSolution
		Debug|Any CPU = Debug|Any CPU
		Release|Any CPU = Release|Any CPU
	EndGlobalSection
	GlobalSection(ProjectConfigurationPlatforms) = postSolution
		{DFF6A5DC-99EA-4862-A70A-3E41621421D3}.Debug|Any CPU.ActiveCfg = Debug|Any CPU
		{DFF6A5DC-99EA-4862-A70A-3E41621421D3}.Debug|Any CPU.Build.0 = Debug|Any CPU
		{DFF6A5DC-99EA-4862-A70A-3E41621421D3}.Release|Any CPU.ActiveCfg = Release|Any CPU
		{DFF6A5DC-99EA-4862-A70A-3E41621421D3}.Release|Any CPU.Build.0 = Release|Any CPU
	EndGlobalSection
	GlobalSection(SolutionProperties) = preSolution
		HideSolutionNode = FALSE
	EndGlobalSection
	GlobalSection(ExtensibilityGlobals) = postSolution
		SolutionGuid = {BED09BAA-FC76-4D40-9067-DAF8DC21A8B3}
	EndGlobalSection
EndGlobal
